
Microsoft Visual Studio Solution File, Format Version 12.00
# Visual Studio Version 16
VisualStudioVersion = 16.0.29806.167
MinimumVisualStudioVersion = 10.0.40219.1
Project("{FAE04EC0-301F-11D3-BF4B-00C04F79EFBC}") = "ConsoleAppLAB8", "ConsoleAppLAB8.csproj", "{0EF51E42-336D-4C7C-BE65-8F84D42A2F97}"
EndProject
Global
	GlobalSection(SolutionConfigurationPlatforms) = preSolution
		Debug|Any CPU = Debug|Any CPU
		Release|Any CPU = Release|Any CPU
	EndGlobalSection
	GlobalSection(ProjectConfigurationPlatforms) = postSolution
		{0EF51E42-336D-4C7C-BE65-8F84D42A2F97}.Debug|Any CPU.ActiveCfg = Debug|Any CPU
		{0EF51E42-336D-4C7C-BE65-8F84D42A2F97}.Debug|Any CPU.Build.0 = Debug|Any CPU
		{0EF51E42-336D-4C7C-BE65-8F84D42A2F97}.Release|Any CPU.ActiveCfg = Release|Any CPU
		{0EF51E42-336D-4C7C-BE65-8F84D42A2F97}.Release|Any CPU.Build.0 = Release|Any CPU
	EndGlobalSection
	GlobalSection(SolutionProperties) = preSolution
		HideSolutionNode = FALSE
	EndGlobalSection
	GlobalSection(ExtensibilityGlobals) = postSolution
		SolutionGuid = {7F44D67E-B8CC-4AE5-AE30-DAA62EC74D45}
	EndGlobalSection
EndGlobal
